
Microsoft Visual Studio Solution File, Format Version 12.00
# Visual Studio Version 17
VisualStudioVersion = 17.6.33815.320
MinimumVisualStudioVersion = 10.0.40219.1
Project("{9A19103F-16F7-4668-BE54-9A1E7A4F7556}") = "Basecode.Data", "Basecode.Data\Basecode.Data.csproj", "{2702F0BE-8D77-48BA-82DE-FDC1945065A7}"
EndProject
Project("{9A19103F-16F7-4668-BE54-9A1E7A4F7556}") = "Basecode.Services", "Basecode.Services\Basecode.Services.csproj", "{093F391E-D1B8-4602-BA8C-D0D86239DE78}"
EndProject
Project("{9A19103F-16F7-4668-BE54-9A1E7A4F7556}") = "Basecode.WebApp", "Basecode.WebApp\Basecode.WebApp.csproj", "{C06265AD-1179-4945-85CF-28AADA137AA3}"
EndProject
Global
	GlobalSection(SolutionConfigurationPlatforms) = preSolution
		Debug|Any CPU = Debug|Any CPU
		Release|Any CPU = Release|Any CPU
	EndGlobalSection
	GlobalSection(ProjectConfigurationPlatforms) = postSolution
		{2702F0BE-8D77-48BA-82DE-FDC1945065A7}.Debug|Any CPU.ActiveCfg = Debug|Any CPU
		{2702F0BE-8D77-48BA-82DE-FDC1945065A7}.Debug|Any CPU.Build.0 = Debug|Any CPU
		{2702F0BE-8D77-48BA-82DE-FDC1945065A7}.Release|Any CPU.ActiveCfg = Release|Any CPU
		{2702F0BE-8D77-48BA-82DE-FDC1945065A7}.Release|Any CPU.Build.0 = Release|Any CPU
		{093F391E-D1B8-4602-BA8C-D0D86239DE78}.Debug|Any CPU.ActiveCfg = Debug|Any CPU
		{093F391E-D1B8-4602-BA8C-D0D86239DE78}.Debug|Any CPU.Build.0 = Debug|Any CPU
		{093F391E-D1B8-4602-BA8C-D0D86239DE78}.Release|Any CPU.ActiveCfg = Release|Any CPU
		{093F391E-D1B8-4602-BA8C-D0D86239DE78}.Release|Any CPU.Build.0 = Release|Any CPU
		{C06265AD-1179-4945-85CF-28AADA137AA3}.Debug|Any CPU.ActiveCfg = Debug|Any CPU
		{C06265AD-1179-4945-85CF-28AADA137AA3}.Debug|Any CPU.Build.0 = Debug|Any CPU
		{C06265AD-1179-4945-85CF-28AADA137AA3}.Release|Any CPU.ActiveCfg = Release|Any CPU
		{C06265AD-1179-4945-85CF-28AADA137AA3}.Release|Any CPU.Build.0 = Release|Any CPU
	EndGlobalSection
	GlobalSection(SolutionProperties) = preSolution
		HideSolutionNode = FALSE
	EndGlobalSection
	GlobalSection(ExtensibilityGlobals) = postSolution
		SolutionGuid = {28B1958C-179C-41F7-A191-CF256A426609}
	EndGlobalSection
EndGlobal
